// !$*UTF8*$!
{
	archiveVersion = 1;
	classes = {
	};
	objectVersion = 46;
	objects = {

/* Begin PBXBuildFile section */
		2B0A05301F521FBD008938E8 /* AppDelegate.swift in Sources */ = {isa = PBXBuildFile; fileRef = 2B0A052F1F521FBD008938E8 /* AppDelegate.swift */; };
		2B0A05351F521FBD008938E8 /* Main.storyboard in Resources */ = {isa = PBXBuildFile; fileRef = 2B0A05331F521FBD008938E8 /* Main.storyboard */; };
		2B0A05371F521FBD008938E8 /* Assets.xcassets in Resources */ = {isa = PBXBuildFile; fileRef = 2B0A05361F521FBD008938E8 /* Assets.xcassets */; };
		2B0A053A1F521FBD008938E8 /* LaunchScreen.storyboard in Resources */ = {isa = PBXBuildFile; fileRef = 2B0A05381F521FBD008938E8 /* LaunchScreen.storyboard */; };
		2B0A05451F521FBD008938E8 /* WorldTrotterTests.swift in Sources */ = {isa = PBXBuildFile; fileRef = 2B0A05441F521FBD008938E8 /* WorldTrotterTests.swift */; };
		2B0A05501F521FBD008938E8 /* WorldTrotterUITests.swift in Sources */ = {isa = PBXBuildFile; fileRef = 2B0A054F1F521FBD008938E8 /* WorldTrotterUITests.swift */; };
		2B7EA8961F52FA7F00C652E0 /* ConversionViewController.swift in Sources */ = {isa = PBXBuildFile; fileRef = 2B7EA8951F52FA7F00C652E0 /* ConversionViewController.swift */; };
/* End PBXBuildFile section */

/* Begin PBXContainerItemProxy section */
		2B0A05411F521FBD008938E8 /* PBXContainerItemProxy */ = {
			isa = PBXContainerItemProxy;
			containerPortal = 2B0A05241F521FBD008938E8 /* Project object */;
			proxyType = 1;
			remoteGlobalIDString = 2B0A052B1F521FBD008938E8;
			remoteInfo = WorldTrotter;
		};
		2B0A054C1F521FBD008938E8 /* PBXContainerItemProxy */ = {
			isa = PBXContainerItemProxy;
			containerPortal = 2B0A05241F521FBD008938E8 /* Project object */;
			proxyType = 1;
			remoteGlobalIDString = 2B0A052B1F521FBD008938E8;
			remoteInfo = WorldTrotter;
		};
/* End PBXContainerItemProxy section */

/* Begin PBXFileReference section */
		2B0A052C1F521FBD008938E8 /* WorldTrotter.app */ = {isa = PBXFileReference; explicitFileType = wrapper.application; includeInIndex = 0; path = WorldTrotter.app; sourceTree = BUILT_PRODUCTS_DIR; };
		2B0A052F1F521FBD008938E8 /* AppDelegate.swift */ = {isa = PBXFileReference; lastKnownFileType = sourcecode.swift; path = AppDelegate.swift; sourceTree = "<group>"; };
		2B0A05341F521FBD008938E8 /* Base */ = {isa = PBXFileReference; lastKnownFileType = file.storyboard; name = Base; path = Base.lproj/Main.storyboard; sourceTree = "<group>"; };
		2B0A05361F521FBD008938E8 /* Assets.xcassets */ = {isa = PBXFileReference; lastKnownFileType = folder.assetcatalog; path = Assets.xcassets; sourceTree = "<group>"; };
		2B0A05391F521FBD008938E8 /* Base */ = {isa = PBXFileReference; lastKnownFileType = file.storyboard; name = Base; path = Base.lproj/LaunchScreen.storyboard; sourceTree = "<group>"; };
		2B0A053B1F521FBD008938E8 /* Info.plist */ = {isa = PBXFileReference; lastKnownFileType = text.plist.xml; path = Info.plist; sourceTree = "<group>"; };
		2B0A05401F521FBD008938E8 /* WorldTrotterTests.xctest */ = {isa = PBXFileReference; explicitFileType = wrapper.cfbundle; includeInIndex = 0; path = WorldTrotterTests.xctest; sourceTree = BUILT_PRODUCTS_DIR; };
		2B0A05441F521FBD008938E8 /* WorldTrotterTests.swift */ = {isa = PBXFileReference; lastKnownFileType = sourcecode.swift; path = WorldTrotterTests.swift; sourceTree = "<group>"; };
		2B0A05461F521FBD008938E8 /* Info.plist */ = {isa = PBXFileReference; lastKnownFileType = text.plist.xml; path = Info.plist; sourceTree = "<group>"; };
		2B0A054B1F521FBD008938E8 /* WorldTrotterUITests.xctest */ = {isa = PBXFileReference; explicitFileType = wrapper.cfbundle; includeInIndex = 0; path = WorldTrotterUITests.xctest; sourceTree = BUILT_PRODUCTS_DIR; };
		2B0A054F1F521FBD008938E8 /* WorldTrotterUITests.swift */ = {isa = PBXFileReference; lastKnownFileType = sourcecode.swift; path = WorldTrotterUITests.swift; sourceTree = "<group>"; };
		2B0A05511F521FBD008938E8 /* Info.plist */ = {isa = PBXFileReference; lastKnownFileType = text.plist.xml; path = Info.plist; sourceTree = "<group>"; };
		2B7EA8951F52FA7F00C652E0 /* ConversionViewController.swift */ = {isa = PBXFileReference; fileEncoding = 4; lastKnownFileType = sourcecode.swift; name = ConversionViewController.swift; path = ../ConversionViewController.swift; sourceTree = "<group>"; };
/* End PBXFileReference section */

/* Begin PBXFrameworksBuildPhase section */
		2B0A05291F521FBD008938E8 /* Frameworks */ = {
			isa = PBXFrameworksBuildPhase;
			buildActionMask = 2147483647;
			files = (
			);
			runOnlyForDeploymentPostprocessing = 0;
		};
		2B0A053D1F521FBD008938E8 /* Frameworks */ = {
			isa = PBXFrameworksBuildPhase;
			buildActionMask = 2147483647;
			files = (
			);
			runOnlyForDeploymentPostprocessing = 0;
		};
		2B0A05481F521FBD008938E8 /* Frameworks */ = {
			isa = PBXFrameworksBuildPhase;
			buildActionMask = 2147483647;
			files = (
			);
			runOnlyForDeploymentPostprocessing = 0;
		};
/* End PBXFrameworksBuildPhase section */

/* Begin PBXGroup section */
		2B0A05231F521FBD008938E8 = {
			isa = PBXGroup;
			children = (
				2B0A052E1F521FBD008938E8 /* WorldTrotter */,
				2B0A05431F521FBD008938E8 /* WorldTrotterTests */,
				2B0A054E1F521FBD008938E8 /* WorldTrotterUITests */,
				2B0A052D1F521FBD008938E8 /* Products */,
			);
			sourceTree = "<group>";
		};
		2B0A052D1F521FBD008938E8 /* Products */ = {
			isa = PBXGroup;
			children = (
				2B0A052C1F521FBD008938E8 /* WorldTrotter.app */,
				2B0A05401F521FBD008938E8 /* WorldTrotterTests.xctest */,
				2B0A054B1F521FBD008938E8 /* WorldTrotterUITests.xctest */,
			);
			name = Products;
			sourceTree = "<group>";
		};
		2B0A052E1F521FBD008938E8 /* WorldTrotter */ = {
			isa = PBXGroup;
			children = (
				2B7EA8951F52FA7F00C652E0 /* ConversionViewController.swift */,
				2B0A052F1F521FBD008938E8 /* AppDelegate.swift */,
				2B0A05331F521FBD008938E8 /* Main.storyboard */,
				2B0A05361F521FBD008938E8 /* Assets.xcassets */,
				2B0A05381F521FBD008938E8 /* LaunchScreen.storyboard */,
				2B0A053B1F521FBD008938E8 /* Info.plist */,
			);
			path = WorldTrotter;
			sourceTree = "<group>";
		};
		2B0A05431F521FBD008938E8 /* WorldTrotterTests */ = {
			isa = PBXGroup;
			children = (
				2B0A05441F521FBD008938E8 /* WorldTrotterTests.swift */,
				2B0A05461F521FBD008938E8 /* Info.plist */,
			);
			path = WorldTrotterTests;
			sourceTree = "<group>";
		};
		2B0A054E1F521FBD008938E8 /* WorldTrotterUITests */ = {
			isa = PBXGroup;
			children = (
				2B0A054F1F521FBD008938E8 /* WorldTrotterUITests.swift */,
				2B0A05511F521FBD008938E8 /* Info.plist */,
			);
			path = WorldTrotterUITests;
			sourceTree = "<group>";
		};
/* End PBXGroup section */

/* Begin PBXNativeTarget section */
		2B0A052B1F521FBD008938E8 /* WorldTrotter */ = {
			isa = PBXNativeTarget;
			buildConfigurationList = 2B0A05541F521FBD008938E8 /* Build configuration list for PBXNativeTarget "WorldTrotter" */;
			buildPhases = (
				2B0A05281F521FBD008938E8 /* Sources */,
				2B0A05291F521FBD008938E8 /* Frameworks */,
				2B0A052A1F521FBD008938E8 /* Resources */,
			);
			buildRules = (
			);
			dependencies = (
			);
			name = WorldTrotter;
			productName = WorldTrotter;
			productReference = 2B0A052C1F521FBD008938E8 /* WorldTrotter.app */;
			productType = "com.apple.product-type.application";
		};
		2B0A053F1F521FBD008938E8 /* WorldTrotterTests */ = {
			isa = PBXNativeTarget;
			buildConfigurationList = 2B0A05571F521FBD008938E8 /* Build configuration list for PBXNativeTarget "WorldTrotterTests" */;
			buildPhases = (
				2B0A053C1F521FBD008938E8 /* Sources */,
				2B0A053D1F521FBD008938E8 /* Frameworks */,
				2B0A053E1F521FBD008938E8 /* Resources */,
			);
			buildRules = (
			);
			dependencies = (
				2B0A05421F521FBD008938E8 /* PBXTargetDependency */,
			);
			name = WorldTrotterTests;
			productName = WorldTrotterTests;
			productReference = 2B0A05401F521FBD008938E8 /* WorldTrotterTests.xctest */;
			productType = "com.apple.product-type.bundle.unit-test";
		};
		2B0A054A1F521FBD008938E8 /* WorldTrotterUITests */ = {
			isa = PBXNativeTarget;
			buildConfigurationList = 2B0A055A1F521FBD008938E8 /* Build configuration list for PBXNativeTarget "WorldTrotterUITests" */;
			buildPhases = (
				2B0A05471F521FBD008938E8 /* Sources */,
				2B0A05481F521FBD008938E8 /* Frameworks */,
				2B0A05491F521FBD008938E8 /* Resources */,
			);
			buildRules = (
			);
			dependencies = (
				2B0A054D1F521FBD008938E8 /* PBXTargetDependency */,
			);
			name = WorldTrotterUITests;
			productName = WorldTrotterUITests;
			productReference = 2B0A054B1F521FBD008938E8 /* WorldTrotterUITests.xctest */;
			productType = "com.apple.product-type.bundle.ui-testing";
		};
/* End PBXNativeTarget section */

/* Begin PBXProject section */
		2B0A05241F521FBD008938E8 /* Project object */ = {
			isa = PBXProject;
			attributes = {
				LastSwiftUpdateCheck = 0830;
				LastUpgradeCheck = 0830;
				ORGANIZATIONNAME = "Helen Karppi";
				TargetAttributes = {
					2B0A052B1F521FBD008938E8 = {
						CreatedOnToolsVersion = 8.3.3;
						DevelopmentTeam = 35Q5PC3HEM;
						ProvisioningStyle = Automatic;
					};
					2B0A053F1F521FBD008938E8 = {
						CreatedOnToolsVersion = 8.3.3;
						DevelopmentTeam = 35Q5PC3HEM;
						ProvisioningStyle = Automatic;
						TestTargetID = 2B0A052B1F521FBD008938E8;
					};
					2B0A054A1F521FBD008938E8 = {
						CreatedOnToolsVersion = 8.3.3;
						DevelopmentTeam = 35Q5PC3HEM;
						ProvisioningStyle = Automatic;
						TestTargetID = 2B0A052B1F521FBD008938E8;
					};
				};
			};
			buildConfigurationList = 2B0A05271F521FBD008938E8 /* Build configuration list for PBXProject "WorldTrotter" */;
			compatibilityVersion = "Xcode 3.2";
			developmentRegion = English;
			hasScannedForEncodings = 0;
			knownRegions = (
				en,
				Base,
			);
			mainGroup = 2B0A05231F521FBD008938E8;
			productRefGroup = 2B0A052D1F521FBD008938E8 /* Products */;
			projectDirPath = "";
			projectRoot = "";
			targets = (
				2B0A052B1F521FBD008938E8 /* WorldTrotter */,
				2B0A053F1F521FBD008938E8 /* WorldTrotterTests */,
				2B0A054A1F521FBD008938E8 /* WorldTrotterUITests */,
			);
		};
/* End PBXProject section */

/* Begin PBXResourcesBuildPhase section */
		2B0A052A1F521FBD008938E8 /* Resources */ = {
			isa = PBXResourcesBuildPhase;
			buildActionMask = 2147483647;
			files = (
				2B0A053A1F521FBD008938E8 /* LaunchScreen.storyboard in Resources */,
				2B0A05371F521FBD008938E8 /* Assets.xcassets in Resources */,
				2B0A05351F521FBD008938E8 /* Main.storyboard in Resources */,
			);
			runOnlyForDeploymentPostprocessing = 0;
		};
		2B0A053E1F521FBD008938E8 /* Resources */ = {
			isa = PBXResourcesBuildPhase;
			buildActionMask = 2147483647;
			files = (
			);
			runOnlyForDeploymentPostprocessing = 0;
		};
		2B0A05491F521FBD008938E8 /* Resources */ = {
			isa = PBXResourcesBuildPhase;
			buildActionMask = 2147483647;
			files = (
			);
			runOnlyForDeploymentPostprocessing = 0;
		};
/* End PBXResourcesBuildPhase section */

/* Begin PBXSourcesBuildPhase section */
		2B0A05281F521FBD008938E8 /* Sources */ = {
			isa = PBXSourcesBuildPhase;
			buildActionMask = 2147483647;
			files = (
				2B7EA8961F52FA7F00C652E0 /* ConversionViewController.swift in Sources */,
				2B0A05301F521FBD008938E8 /* AppDelegate.swift in Sources */,
			);
			runOnlyForDeploymentPostprocessing = 0;
		};
		2B0A053C1F521FBD008938E8 /* Sources */ = {
			isa = PBXSourcesBuildPhase;
			buildActionMask = 2147483647;
			files = (
				2B0A05451F521FBD008938E8 /* WorldTrotterTests.swift in Sources */,
			);
			runOnlyForDeploymentPostprocessing = 0;
		};
		2B0A05471F521FBD008938E8 /* Sources */ = {
			isa = PBXSourcesBuildPhase;
			buildActionMask = 2147483647;
			files = (
				2B0A05501F521FBD008938E8 /* WorldTrotterUITests.swift in Sources */,
			);
			runOnlyForDeploymentPostprocessing = 0;
		};
/* End PBXSourcesBuildPhase section */

/* Begin PBXTargetDependency section */
		2B0A05421F521FBD008938E8 /* PBXTargetDependency */ = {
			isa = PBXTargetDependency;
			target = 2B0A052B1F521FBD008938E8 /* WorldTrotter */;
			targetProxy = 2B0A05411F521FBD008938E8 /* PBXContainerItemProxy */;
		};
		2B0A054D1F521FBD008938E8 /* PBXTargetDependency */ = {
			isa = PBXTargetDependency;
			target = 2B0A052B1F521FBD008938E8 /* WorldTrotter */;
			targetProxy = 2B0A054C1F521FBD008938E8 /* PBXContainerItemProxy */;
		};
/* End PBXTargetDependency section */

/* Begin PBXVariantGroup section */
		2B0A05331F521FBD008938E8 /* Main.storyboard */ = {
			isa = PBXVariantGroup;
			children = (
				2B0A05341F521FBD008938E8 /* Base */,
			);
			name = Main.storyboard;
			sourceTree = "<group>";
		};
		2B0A05381F521FBD008938E8 /* LaunchScreen.storyboard */ = {
			isa = PBXVariantGroup;
			children = (
				2B0A05391F521FBD008938E8 /* Base */,
			);
			name = LaunchScreen.storyboard;
			sourceTree = "<group>";
		};
/* End PBXVariantGroup section */

/* Begin XCBuildConfiguration section */
		2B0A05521F521FBD008938E8 /* Debug */ = {
			isa = XCBuildConfiguration;
			buildSettings = {
				ALWAYS_SEARCH_USER_PATHS = NO;
				CLANG_ANALYZER_NONNULL = YES;
				CLANG_ANALYZER_NUMBER_OBJECT_CONVERSION = YES_AGGRESSIVE;
				CLANG_CXX_LANGUAGE_STANDARD = "gnu++0x";
				CLANG_CXX_LIBRARY = "libc++";
				CLANG_ENABLE_MODULES = YES;
				CLANG_ENABLE_OBJC_ARC = YES;
				CLANG_WARN_BOOL_CONVERSION = YES;
				CLANG_WARN_CONSTANT_CONVERSION = YES;
				CLANG_WARN_DIRECT_OBJC_ISA_USAGE = YES_ERROR;
				CLANG_WARN_DOCUMENTATION_COMMENTS = YES;
				CLANG_WARN_EMPTY_BODY = YES;
				CLANG_WARN_ENUM_CONVERSION = YES;
				CLANG_WARN_INFINITE_RECURSION = YES;
				CLANG_WARN_INT_CONVERSION = YES;
				CLANG_WARN_OBJC_ROOT_CLASS = YES_ERROR;
				CLANG_WARN_SUSPICIOUS_MOVE = YES;
				CLANG_WARN_UNREACHABLE_CODE = YES;
				CLANG_WARN__DUPLICATE_METHOD_MATCH = YES;
				"CODE_SIGN_IDENTITY[sdk=iphoneos*]" = "iPhone Developer";
				COPY_PHASE_STRIP = NO;
				DEBUG_INFORMATION_FORMAT = dwarf;
				ENABLE_STRICT_OBJC_MSGSEND = YES;
				ENABLE_TESTABILITY = YES;
				GCC_C_LANGUAGE_STANDARD = gnu99;
				GCC_DYNAMIC_NO_PIC = NO;
				GCC_NO_COMMON_BLOCKS = YES;
				GCC_OPTIMIZATION_LEVEL = 0;
				GCC_PREPROCESSOR_DEFINITIONS = (
					"DEBUG=1",
					"$(inherited)",
				);
				GCC_WARN_64_TO_32_BIT_CONVERSION = YES;
				GCC_WARN_ABOUT_RETURN_TYPE = YES_ERROR;
				GCC_WARN_UNDECLARED_SELECTOR = YES;
				GCC_WARN_UNINITIALIZED_AUTOS = YES_AGGRESSIVE;
				GCC_WARN_UNUSED_FUNCTION = YES;
				GCC_WARN_UNUSED_VARIABLE = YES;
				IPHONEOS_DEPLOYMENT_TARGET = 10.3;
				MTL_ENABLE_DEBUG_INFO = YES;
				ONLY_ACTIVE_ARCH = YES;
				SDKROOT = iphoneos;
				SWIFT_ACTIVE_COMPILATION_CONDITIONS = DEBUG;
				SWIFT_OPTIMIZATION_LEVEL = "-Onone";
				TARGETED_DEVICE_FAMILY = "1,2";
			};
			name = Debug;
		};
		2B0A05531F521FBD008938E8 /* Release */ = {
			isa = XCBuildConfiguration;
			buildSettings = {
				ALWAYS_SEARCH_USER_PATHS = NO;
				CLANG_ANALYZER_NONNULL = YES;
				CLANG_ANALYZER_NUMBER_OBJECT_CONVERSION = YES_AGGRESSIVE;
				CLANG_CXX_LANGUAGE_STANDARD = "gnu++0x";
				CLANG_CXX_LIBRARY = "libc++";
				CLANG_ENABLE_MODULES = YES;
				CLANG_ENABLE_OBJC_ARC = YES;
				CLANG_WARN_BOOL_CONVERSION = YES;
				CLANG_WARN_CONSTANT_CONVERSION = YES;
				CLANG_WARN_DIRECT_OBJC_ISA_USAGE = YES_ERROR;
				CLANG_WARN_DOCUMENTATION_COMMENTS = YES;
				CLANG_WARN_EMPTY_BODY = YES;
				CLANG_WARN_ENUM_CONVERSION = YES;
				CLANG_WARN_INFINITE_RECURSION = YES;
				CLANG_WARN_INT_CONVERSION = YES;
				CLANG_WARN_OBJC_ROOT_CLASS = YES_ERROR;
				CLANG_WARN_SUSPICIOUS_MOVE = YES;
				CLANG_WARN_UNREACHABLE_CODE = YES;
				CLANG_WARN__DUPLICATE_METHOD_MATCH = YES;
				"CODE_SIGN_IDENTITY[sdk=iphoneos*]" = "iPhone Developer";
				COPY_PHASE_STRIP = NO;
				DEBUG_INFORMATION_FORMAT = "dwarf-with-dsym";
				ENABLE_NS_ASSERTIONS = NO;
				ENABLE_STRICT_OBJC_MSGSEND = YES;
				GCC_C_LANGUAGE_STANDARD = gnu99;
				GCC_NO_COMMON_BLOCKS = YES;
				GCC_WARN_64_TO_32_BIT_CONVERSION = YES;
				GCC_WARN_ABOUT_RETURN_TYPE = YES_ERROR;
				GCC_WARN_UNDECLARED_SELECTOR = YES;
				GCC_WARN_UNINITIALIZED_AUTOS = YES_AGGRESSIVE;
				GCC_WARN_UNUSED_FUNCTION = YES;
				GCC_WARN_UNUSED_VARIABLE = YES;
				IPHONEOS_DEPLOYMENT_TARGET = 10.3;
				MTL_ENABLE_DEBUG_INFO = NO;
				SDKROOT = iphoneos;
				SWIFT_OPTIMIZATION_LEVEL = "-Owholemodule";
				TARGETED_DEVICE_FAMILY = "1,2";
				VALIDATE_PRODUCT = YES;
			};
			name = Release;
		};
		2B0A05551F521FBD008938E8 /* Debug */ = {
			isa = XCBuildConfiguration;
			buildSettings = {
				ASSETCATALOG_COMPILER_APPICON_NAME = AppIcon;
				DEVELOPMENT_TEAM = 35Q5PC3HEM;
				INFOPLIST_FILE = WorldTrotter/Info.plist;
				LD_RUNPATH_SEARCH_PATHS = "$(inherited) @executable_path/Frameworks";
				PRODUCT_BUNDLE_IDENTIFIER = com.dev.WorldTrotter;
				PRODUCT_NAME = "$(TARGET_NAME)";
				SWIFT_VERSION = 3.0;
			};
			name = Debug;
		};
		2B0A05561F521FBD008938E8 /* Release */ = {
			isa = XCBuildConfiguration;
			buildSettings = {
				ASSETCATALOG_COMPILER_APPICON_NAME = AppIcon;
				DEVELOPMENT_TEAM = 35Q5PC3HEM;
				INFOPLIST_FILE = WorldTrotter/Info.plist;
				LD_RUNPATH_SEARCH_PATHS = "$(inherited) @executable_path/Frameworks";
				PRODUCT_BUNDLE_IDENTIFIER = com.dev.WorldTrotter;
				PRODUCT_NAME = "$(TARGET_NAME)";
				SWIFT_VERSION = 3.0;
			};
			name = Release;
		};
		2B0A05581F521FBD008938E8 /* Debug */ = {
			isa = XCBuildConfiguration;
			buildSettings = {
				ALWAYS_EMBED_SWIFT_STANDARD_LIBRARIES = YES;
				BUNDLE_LOADER = "$(TEST_HOST)";
				DEVELOPMENT_TEAM = 35Q5PC3HEM;
				INFOPLIST_FILE = WorldTrotterTests/Info.plist;
				LD_RUNPATH_SEARCH_PATHS = "$(inherited) @executable_path/Frameworks @loader_path/Frameworks";
				PRODUCT_BUNDLE_IDENTIFIER = com.example.WorldTrotterTests;
				PRODUCT_NAME = "$(TARGET_NAME)";
				SWIFT_VERSION = 3.0;
				TEST_HOST = "$(BUILT_PRODUCTS_DIR)/WorldTrotter.app/WorldTrotter";
			};
			name = Debug;
		};
		2B0A05591F521FBD008938E8 /* Release */ = {
			isa = XCBuildConfiguration;
			buildSettings = {
				ALWAYS_EMBED_SWIFT_STANDARD_LIBRARIES = YES;
				BUNDLE_LOADER = "$(TEST_HOST)";
				DEVELOPMENT_TEAM = 35Q5PC3HEM;
				INFOPLIST_FILE = WorldTrotterTests/Info.plist;
				LD_RUNPATH_SEARCH_PATHS = "$(inherited) @executable_path/Frameworks @loader_path/Frameworks";
				PRODUCT_BUNDLE_IDENTIFIER = com.example.WorldTrotterTests;
				PRODUCT_NAME = "$(TARGET_NAME)";
				SWIFT_VERSION = 3.0;
				TEST_HOST = "$(BUILT_PRODUCTS_DIR)/WorldTrotter.app/WorldTrotter";
			};
			name = Release;
		};
		2B0A055B1F521FBD008938E8 /* Debug */ = {
			isa = XCBuildConfiguration;
			buildSettings = {
				ALWAYS_EMBED_SWIFT_STANDARD_LIBRARIES = YES;
				DEVELOPMENT_TEAM = 35Q5PC3HEM;
				INFOPLIST_FILE = WorldTrotterUITests/Info.plist;
				LD_RUNPATH_SEARCH_PATHS = "$(inherited) @executable_path/Frameworks @loader_path/Frameworks";
				PRODUCT_BUNDLE_IDENTIFIER = com.example.WorldTrotterUITests;
				PRODUCT_NAME = "$(TARGET_NAME)";
				SWIFT_VERSION = 3.0;
				TEST_TARGET_NAME = WorldTrotter;
			};
			name = Debug;
		};
		2B0A055C1F521FBD008938E8 /* Release */ = {
			isa = XCBuildConfiguration;
			buildSettings = {
				ALWAYS_EMBED_SWIFT_STANDARD_LIBRARIES = YES;
				DEVELOPMENT_TEAM = 35Q5PC3HEM;
				INFOPLIST_FILE = WorldTrotterUITests/Info.plist;
				LD_RUNPATH_SEARCH_PATHS = "$(inherited) @executable_path/Frameworks @loader_path/Frameworks";
				PRODUCT_BUNDLE_IDENTIFIER = com.example.WorldTrotterUITests;
				PRODUCT_NAME = "$(TARGET_NAME)";
				SWIFT_VERSION = 3.0;
				TEST_TARGET_NAME = WorldTrotter;
			};
			name = Release;
		};
/* End XCBuildConfiguration section */

/* Begin XCConfigurationList section */
		2B0A05271F521FBD008938E8 /* Build configuration list for PBXProject "WorldTrotter" */ = {
			isa = XCConfigurationList;
			buildConfigurations = (
				2B0A05521F521FBD008938E8 /* Debug */,
				2B0A05531F521FBD008938E8 /* Release */,
			);
			defaultConfigurationIsVisible = 0;
			defaultConfigurationName = Release;
		};
		2B0A05541F521FBD008938E8 /* Build configuration list for PBXNativeTarget "WorldTrotter" */ = {
			isa = XCConfigurationList;
			buildConfigurations = (
				2B0A05551F521FBD008938E8 /* Debug */,
				2B0A05561F521FBD008938E8 /* Release */,
			);
			defaultConfigurationIsVisible = 0;
			defaultConfigurationName = Release;
		};
		2B0A05571F521FBD008938E8 /* Build configuration list for PBXNativeTarget "WorldTrotterTests" */ = {
			isa = XCConfigurationList;
			buildConfigurations = (
				2B0A05581F521FBD008938E8 /* Debug */,
				2B0A05591F521FBD008938E8 /* Release */,
			);
			defaultConfigurationIsVisible = 0;
			defaultConfigurationName = Release;
		};
		2B0A055A1F521FBD008938E8 /* Build configuration list for PBXNativeTarget "WorldTrotterUITests" */ = {
			isa = XCConfigurationList;
			buildConfigurations = (
				2B0A055B1F521FBD008938E8 /* Debug */,
				2B0A055C1F521FBD008938E8 /* Release */,
			);
			defaultConfigurationIsVisible = 0;
			defaultConfigurationName = Release;
		};
/* End XCConfigurationList section */
	};
	rootObject = 2B0A05241F521FBD008938E8 /* Project object */;
}
